// !$*UTF8*$!
{
	archiveVersion = 1;
	classes = {
	};
	objectVersion = 50;
	objects = {

/* Begin PBXBuildFile section */
		96891869258FD0D80036E047 /* AppDelegate.swift in Sources */ = {isa = PBXBuildFile; fileRef = 96891868258FD0D80036E047 /* AppDelegate.swift */; };
		9689186B258FD0D80036E047 /* SceneDelegate.swift in Sources */ = {isa = PBXBuildFile; fileRef = 9689186A258FD0D80036E047 /* SceneDelegate.swift */; };
		96891870258FD0D80036E047 /* Main.storyboard in Resources */ = {isa = PBXBuildFile; fileRef = 9689186E258FD0D80036E047 /* Main.storyboard */; };
		96891872258FD0DA0036E047 /* Assets.xcassets in Resources */ = {isa = PBXBuildFile; fileRef = 96891871258FD0DA0036E047 /* Assets.xcassets */; };
		96891875258FD0DA0036E047 /* LaunchScreen.storyboard in Resources */ = {isa = PBXBuildFile; fileRef = 96891873258FD0DA0036E047 /* LaunchScreen.storyboard */; };
		96891880258FD0DA0036E047 /* GoodNewsTests.swift in Sources */ = {isa = PBXBuildFile; fileRef = 9689187F258FD0DA0036E047 /* GoodNewsTests.swift */; };
		9689188B258FD0DA0036E047 /* GoodNewsUITests.swift in Sources */ = {isa = PBXBuildFile; fileRef = 9689188A258FD0DA0036E047 /* GoodNewsUITests.swift */; };
		968918AB258FD18A0036E047 /* NewsListTableViewController.swift in Sources */ = {isa = PBXBuildFile; fileRef = 968918AA258FD18A0036E047 /* NewsListTableViewController.swift */; };
		968918B0258FD34D0036E047 /* UIColor+Colors.swift in Sources */ = {isa = PBXBuildFile; fileRef = 968918AF258FD34D0036E047 /* UIColor+Colors.swift */; };
		968918BC258FDACB0036E047 /* Webservice.swift in Sources */ = {isa = PBXBuildFile; fileRef = 968918BB258FDACB0036E047 /* Webservice.swift */; };
		968918C1258FDE3E0036E047 /* URL+Urls.swift in Sources */ = {isa = PBXBuildFile; fileRef = 968918C0258FDE3E0036E047 /* URL+Urls.swift */; };
		968918C7258FE2060036E047 /* Article.swift in Sources */ = {isa = PBXBuildFile; fileRef = 968918C6258FE2060036E047 /* Article.swift */; };
		968918CC258FE40D0036E047 /* JSONDecoder+Decoder.swift in Sources */ = {isa = PBXBuildFile; fileRef = 968918CB258FE40D0036E047 /* JSONDecoder+Decoder.swift */; };
		968918E72591404C0036E047 /* ArticleViewModel.swift in Sources */ = {isa = PBXBuildFile; fileRef = 968918E62591404C0036E047 /* ArticleViewModel.swift */; };
		968918EF25914A850036E047 /* ArticleTableViewCell.swift in Sources */ = {isa = PBXBuildFile; fileRef = 968918EE25914A850036E047 /* ArticleTableViewCell.swift */; };
/* End PBXBuildFile section */

/* Begin PBXContainerItemProxy section */
		9689187C258FD0DA0036E047 /* PBXContainerItemProxy */ = {
			isa = PBXContainerItemProxy;
			containerPortal = 9689185D258FD0D80036E047 /* Project object */;
			proxyType = 1;
			remoteGlobalIDString = 96891864258FD0D80036E047;
			remoteInfo = GoodNews;
		};
		96891887258FD0DA0036E047 /* PBXContainerItemProxy */ = {
			isa = PBXContainerItemProxy;
			containerPortal = 9689185D258FD0D80036E047 /* Project object */;
			proxyType = 1;
			remoteGlobalIDString = 96891864258FD0D80036E047;
			remoteInfo = GoodNews;
		};
/* End PBXContainerItemProxy section */

/* Begin PBXFileReference section */
		96891865258FD0D80036E047 /* GoodNews.app */ = {isa = PBXFileReference; explicitFileType = wrapper.application; includeInIndex = 0; path = GoodNews.app; sourceTree = BUILT_PRODUCTS_DIR; };
		96891868258FD0D80036E047 /* AppDelegate.swift */ = {isa = PBXFileReference; lastKnownFileType = sourcecode.swift; path = AppDelegate.swift; sourceTree = "<group>"; };
		9689186A258FD0D80036E047 /* SceneDelegate.swift */ = {isa = PBXFileReference; lastKnownFileType = sourcecode.swift; path = SceneDelegate.swift; sourceTree = "<group>"; };
		9689186F258FD0D80036E047 /* Base */ = {isa = PBXFileReference; lastKnownFileType = file.storyboard; name = Base; path = Base.lproj/Main.storyboard; sourceTree = "<group>"; };
		96891871258FD0DA0036E047 /* Assets.xcassets */ = {isa = PBXFileReference; lastKnownFileType = folder.assetcatalog; path = Assets.xcassets; sourceTree = "<group>"; };
		96891874258FD0DA0036E047 /* Base */ = {isa = PBXFileReference; lastKnownFileType = file.storyboard; name = Base; path = Base.lproj/LaunchScreen.storyboard; sourceTree = "<group>"; };
		96891876258FD0DA0036E047 /* Info.plist */ = {isa = PBXFileReference; lastKnownFileType = text.plist.xml; path = Info.plist; sourceTree = "<group>"; };
		9689187B258FD0DA0036E047 /* GoodNewsTests.xctest */ = {isa = PBXFileReference; explicitFileType = wrapper.cfbundle; includeInIndex = 0; path = GoodNewsTests.xctest; sourceTree = BUILT_PRODUCTS_DIR; };
		9689187F258FD0DA0036E047 /* GoodNewsTests.swift */ = {isa = PBXFileReference; lastKnownFileType = sourcecode.swift; path = GoodNewsTests.swift; sourceTree = "<group>"; };
		96891881258FD0DA0036E047 /* Info.plist */ = {isa = PBXFileReference; lastKnownFileType = text.plist.xml; path = Info.plist; sourceTree = "<group>"; };
		96891886258FD0DA0036E047 /* GoodNewsUITests.xctest */ = {isa = PBXFileReference; explicitFileType = wrapper.cfbundle; includeInIndex = 0; path = GoodNewsUITests.xctest; sourceTree = BUILT_PRODUCTS_DIR; };
		9689188A258FD0DA0036E047 /* GoodNewsUITests.swift */ = {isa = PBXFileReference; lastKnownFileType = sourcecode.swift; path = GoodNewsUITests.swift; sourceTree = "<group>"; };
		9689188C258FD0DA0036E047 /* Info.plist */ = {isa = PBXFileReference; lastKnownFileType = text.plist.xml; path = Info.plist; sourceTree = "<group>"; };
		968918AA258FD18A0036E047 /* NewsListTableViewController.swift */ = {isa = PBXFileReference; lastKnownFileType = sourcecode.swift; path = NewsListTableViewController.swift; sourceTree = "<group>"; };
		968918AF258FD34D0036E047 /* UIColor+Colors.swift */ = {isa = PBXFileReference; lastKnownFileType = sourcecode.swift; path = "UIColor+Colors.swift"; sourceTree = "<group>"; };
		968918BB258FDACB0036E047 /* Webservice.swift */ = {isa = PBXFileReference; lastKnownFileType = sourcecode.swift; path = Webservice.swift; sourceTree = "<group>"; };
		968918C0258FDE3E0036E047 /* URL+Urls.swift */ = {isa = PBXFileReference; lastKnownFileType = sourcecode.swift; path = "URL+Urls.swift"; sourceTree = "<group>"; };
		968918C6258FE2060036E047 /* Article.swift */ = {isa = PBXFileReference; lastKnownFileType = sourcecode.swift; path = Article.swift; sourceTree = "<group>"; };
		968918CB258FE40D0036E047 /* JSONDecoder+Decoder.swift */ = {isa = PBXFileReference; lastKnownFileType = sourcecode.swift; path = "JSONDecoder+Decoder.swift"; sourceTree = "<group>"; };
		968918E62591404C0036E047 /* ArticleViewModel.swift */ = {isa = PBXFileReference; lastKnownFileType = sourcecode.swift; path = ArticleViewModel.swift; sourceTree = "<group>"; };
		968918EE25914A850036E047 /* ArticleTableViewCell.swift */ = {isa = PBXFileReference; lastKnownFileType = sourcecode.swift; path = ArticleTableViewCell.swift; sourceTree = "<group>"; };
/* End PBXFileReference section */

/* Begin PBXFrameworksBuildPhase section */
		96891862258FD0D80036E047 /* Frameworks */ = {
			isa = PBXFrameworksBuildPhase;
			buildActionMask = 2147483647;
			files = (
			);
			runOnlyForDeploymentPostprocessing = 0;
		};
		96891878258FD0DA0036E047 /* Frameworks */ = {
			isa = PBXFrameworksBuildPhase;
			buildActionMask = 2147483647;
			files = (
			);
			runOnlyForDeploymentPostprocessing = 0;
		};
		96891883258FD0DA0036E047 /* Frameworks */ = {
			isa = PBXFrameworksBuildPhase;
			buildActionMask = 2147483647;
			files = (
			);
			runOnlyForDeploymentPostprocessing = 0;
		};
/* End PBXFrameworksBuildPhase section */

/* Begin PBXGroup section */
		9689185C258FD0D80036E047 = {
			isa = PBXGroup;
			children = (
				96891867258FD0D80036E047 /* GoodNews */,
				9689187E258FD0DA0036E047 /* GoodNewsTests */,
				96891889258FD0DA0036E047 /* GoodNewsUITests */,
				96891866258FD0D80036E047 /* Products */,
			);
			sourceTree = "<group>";
		};
		96891866258FD0D80036E047 /* Products */ = {
			isa = PBXGroup;
			children = (
				96891865258FD0D80036E047 /* GoodNews.app */,
				9689187B258FD0DA0036E047 /* GoodNewsTests.xctest */,
				96891886258FD0DA0036E047 /* GoodNewsUITests.xctest */,
			);
			name = Products;
			sourceTree = "<group>";
		};
		96891867258FD0D80036E047 /* GoodNews */ = {
			isa = PBXGroup;
			children = (
				968918F325914A8B0036E047 /* Cells */,
				968918E2258FEF6F0036E047 /* ViewModels */,
				968918C5258FE0220036E047 /* Model */,
				968918BA258FDAA00036E047 /* Service */,
				968918B4258FD4730036E047 /* Extentions */,
				9689189E258FD1020036E047 /* Controller */,
				96891868258FD0D80036E047 /* AppDelegate.swift */,
				9689186A258FD0D80036E047 /* SceneDelegate.swift */,
				9689186E258FD0D80036E047 /* Main.storyboard */,
				96891871258FD0DA0036E047 /* Assets.xcassets */,
				96891873258FD0DA0036E047 /* LaunchScreen.storyboard */,
				96891876258FD0DA0036E047 /* Info.plist */,
			);
			path = GoodNews;
			sourceTree = "<group>";
		};
		9689187E258FD0DA0036E047 /* GoodNewsTests */ = {
			isa = PBXGroup;
			children = (
				9689187F258FD0DA0036E047 /* GoodNewsTests.swift */,
				96891881258FD0DA0036E047 /* Info.plist */,
			);
			path = GoodNewsTests;
			sourceTree = "<group>";
		};
		96891889258FD0DA0036E047 /* GoodNewsUITests */ = {
			isa = PBXGroup;
			children = (
				9689188A258FD0DA0036E047 /* GoodNewsUITests.swift */,
				9689188C258FD0DA0036E047 /* Info.plist */,
			);
			path = GoodNewsUITests;
			sourceTree = "<group>";
		};
		9689189E258FD1020036E047 /* Controller */ = {
			isa = PBXGroup;
			children = (
				968918AA258FD18A0036E047 /* NewsListTableViewController.swift */,
			);
			path = Controller;
			sourceTree = "<group>";
		};
		968918B4258FD4730036E047 /* Extentions */ = {
			isa = PBXGroup;
			children = (
				968918AF258FD34D0036E047 /* UIColor+Colors.swift */,
				968918C0258FDE3E0036E047 /* URL+Urls.swift */,
				968918CB258FE40D0036E047 /* JSONDecoder+Decoder.swift */,
			);
			path = Extentions;
			sourceTree = "<group>";
		};
		968918BA258FDAA00036E047 /* Service */ = {
			isa = PBXGroup;
			children = (
				968918BB258FDACB0036E047 /* Webservice.swift */,
			);
			path = Service;
			sourceTree = "<group>";
		};
		968918C5258FE0220036E047 /* Model */ = {
			isa = PBXGroup;
			children = (
				968918C6258FE2060036E047 /* Article.swift */,
			);
			path = Model;
			sourceTree = "<group>";
		};
		968918E2258FEF6F0036E047 /* ViewModels */ = {
			isa = PBXGroup;
			children = (
				968918E62591404C0036E047 /* ArticleViewModel.swift */,
			);
			path = ViewModels;
			sourceTree = "<group>";
		};
		968918F325914A8B0036E047 /* Cells */ = {
			isa = PBXGroup;
			children = (
				968918EE25914A850036E047 /* ArticleTableViewCell.swift */,
			);
			path = Cells;
			sourceTree = "<group>";
		};
/* End PBXGroup section */

/* Begin PBXNativeTarget section */
		96891864258FD0D80036E047 /* GoodNews */ = {
			isa = PBXNativeTarget;
			buildConfigurationList = 9689188F258FD0DA0036E047 /* Build configuration list for PBXNativeTarget "GoodNews" */;
			buildPhases = (
				96891861258FD0D80036E047 /* Sources */,
				96891862258FD0D80036E047 /* Frameworks */,
				96891863258FD0D80036E047 /* Resources */,
			);
			buildRules = (
			);
			dependencies = (
			);
			name = GoodNews;
			productName = GoodNews;
			productReference = 96891865258FD0D80036E047 /* GoodNews.app */;
			productType = "com.apple.product-type.application";
		};
		9689187A258FD0DA0036E047 /* GoodNewsTests */ = {
			isa = PBXNativeTarget;
			buildConfigurationList = 96891892258FD0DA0036E047 /* Build configuration list for PBXNativeTarget "GoodNewsTests" */;
			buildPhases = (
				96891877258FD0DA0036E047 /* Sources */,
				96891878258FD0DA0036E047 /* Frameworks */,
				96891879258FD0DA0036E047 /* Resources */,
			);
			buildRules = (
			);
			dependencies = (
				9689187D258FD0DA0036E047 /* PBXTargetDependency */,
			);
			name = GoodNewsTests;
			productName = GoodNewsTests;
			productReference = 9689187B258FD0DA0036E047 /* GoodNewsTests.xctest */;
			productType = "com.apple.product-type.bundle.unit-test";
		};
		96891885258FD0DA0036E047 /* GoodNewsUITests */ = {
			isa = PBXNativeTarget;
			buildConfigurationList = 96891895258FD0DA0036E047 /* Build configuration list for PBXNativeTarget "GoodNewsUITests" */;
			buildPhases = (
				96891882258FD0DA0036E047 /* Sources */,
				96891883258FD0DA0036E047 /* Frameworks */,
				96891884258FD0DA0036E047 /* Resources */,
			);
			buildRules = (
			);
			dependencies = (
				96891888258FD0DA0036E047 /* PBXTargetDependency */,
			);
			name = GoodNewsUITests;
			productName = GoodNewsUITests;
			productReference = 96891886258FD0DA0036E047 /* GoodNewsUITests.xctest */;
			productType = "com.apple.product-type.bundle.ui-testing";
		};
/* End PBXNativeTarget section */

/* Begin PBXProject section */
		9689185D258FD0D80036E047 /* Project object */ = {
			isa = PBXProject;
			attributes = {
				LastSwiftUpdateCheck = 1220;
				LastUpgradeCheck = 1220;
				TargetAttributes = {
					96891864258FD0D80036E047 = {
						CreatedOnToolsVersion = 12.2;
					};
					9689187A258FD0DA0036E047 = {
						CreatedOnToolsVersion = 12.2;
						TestTargetID = 96891864258FD0D80036E047;
					};
					96891885258FD0DA0036E047 = {
						CreatedOnToolsVersion = 12.2;
						TestTargetID = 96891864258FD0D80036E047;
					};
				};
			};
			buildConfigurationList = 96891860258FD0D80036E047 /* Build configuration list for PBXProject "GoodNews" */;
			compatibilityVersion = "Xcode 9.3";
			developmentRegion = en;
			hasScannedForEncodings = 0;
			knownRegions = (
				en,
				Base,
			);
			mainGroup = 9689185C258FD0D80036E047;
			productRefGroup = 96891866258FD0D80036E047 /* Products */;
			projectDirPath = "";
			projectRoot = "";
			targets = (
				96891864258FD0D80036E047 /* GoodNews */,
				9689187A258FD0DA0036E047 /* GoodNewsTests */,
				96891885258FD0DA0036E047 /* GoodNewsUITests */,
			);
		};
/* End PBXProject section */

/* Begin PBXResourcesBuildPhase section */
		96891863258FD0D80036E047 /* Resources */ = {
			isa = PBXResourcesBuildPhase;
			buildActionMask = 2147483647;
			files = (
				96891875258FD0DA0036E047 /* LaunchScreen.storyboard in Resources */,
				96891872258FD0DA0036E047 /* Assets.xcassets in Resources */,
				96891870258FD0D80036E047 /* Main.storyboard in Resources */,
			);
			runOnlyForDeploymentPostprocessing = 0;
		};
		96891879258FD0DA0036E047 /* Resources */ = {
			isa = PBXResourcesBuildPhase;
			buildActionMask = 2147483647;
			files = (
			);
			runOnlyForDeploymentPostprocessing = 0;
		};
		96891884258FD0DA0036E047 /* Resources */ = {
			isa = PBXResourcesBuildPhase;
			buildActionMask = 2147483647;
			files = (
			);
			runOnlyForDeploymentPostprocessing = 0;
		};
/* End PBXResourcesBuildPhase section */

/* Begin PBXSourcesBuildPhase section */
		96891861258FD0D80036E047 /* Sources */ = {
			isa = PBXSourcesBuildPhase;
			buildActionMask = 2147483647;
			files = (
				968918EF25914A850036E047 /* ArticleTableViewCell.swift in Sources */,
				968918C7258FE2060036E047 /* Article.swift in Sources */,
				96891869258FD0D80036E047 /* AppDelegate.swift in Sources */,
				968918C1258FDE3E0036E047 /* URL+Urls.swift in Sources */,
				968918B0258FD34D0036E047 /* UIColor+Colors.swift in Sources */,
				968918AB258FD18A0036E047 /* NewsListTableViewController.swift in Sources */,
				968918BC258FDACB0036E047 /* Webservice.swift in Sources */,
				968918E72591404C0036E047 /* ArticleViewModel.swift in Sources */,
				968918CC258FE40D0036E047 /* JSONDecoder+Decoder.swift in Sources */,
				9689186B258FD0D80036E047 /* SceneDelegate.swift in Sources */,
			);
			runOnlyForDeploymentPostprocessing = 0;
		};
		96891877258FD0DA0036E047 /* Sources */ = {
			isa = PBXSourcesBuildPhase;
			buildActionMask = 2147483647;
			files = (
				96891880258FD0DA0036E047 /* GoodNewsTests.swift in Sources */,
			);
			runOnlyForDeploymentPostprocessing = 0;
		};
		96891882258FD0DA0036E047 /* Sources */ = {
			isa = PBXSourcesBuildPhase;
			buildActionMask = 2147483647;
			files = (
				9689188B258FD0DA0036E047 /* GoodNewsUITests.swift in Sources */,
			);
			runOnlyForDeploymentPostprocessing = 0;
		};
/* End PBXSourcesBuildPhase section */

/* Begin PBXTargetDependency section */
		9689187D258FD0DA0036E047 /* PBXTargetDependency */ = {
			isa = PBXTargetDependency;
			target = 96891864258FD0D80036E047 /* GoodNews */;
			targetProxy = 9689187C258FD0DA0036E047 /* PBXContainerItemProxy */;
		};
		96891888258FD0DA0036E047 /* PBXTargetDependency */ = {
			isa = PBXTargetDependency;
			target = 96891864258FD0D80036E047 /* GoodNews */;
			targetProxy = 96891887258FD0DA0036E047 /* PBXContainerItemProxy */;
		};
/* End PBXTargetDependency section */

/* Begin PBXVariantGroup section */
		9689186E258FD0D80036E047 /* Main.storyboard */ = {
			isa = PBXVariantGroup;
			children = (
				9689186F258FD0D80036E047 /* Base */,
			);
			name = Main.storyboard;
			sourceTree = "<group>";
		};
		96891873258FD0DA0036E047 /* LaunchScreen.storyboard */ = {
			isa = PBXVariantGroup;
			children = (
				96891874258FD0DA0036E047 /* Base */,
			);
			name = LaunchScreen.storyboard;
			sourceTree = "<group>";
		};
/* End PBXVariantGroup section */

/* Begin XCBuildConfiguration section */
		9689188D258FD0DA0036E047 /* Debug */ = {
			isa = XCBuildConfiguration;
			buildSettings = {
				ALWAYS_SEARCH_USER_PATHS = NO;
				CLANG_ANALYZER_NONNULL = YES;
				CLANG_ANALYZER_NUMBER_OBJECT_CONVERSION = YES_AGGRESSIVE;
				CLANG_CXX_LANGUAGE_STANDARD = "gnu++14";
				CLANG_CXX_LIBRARY = "libc++";
				CLANG_ENABLE_MODULES = YES;
				CLANG_ENABLE_OBJC_ARC = YES;
				CLANG_ENABLE_OBJC_WEAK = YES;
				CLANG_WARN_BLOCK_CAPTURE_AUTORELEASING = YES;
				CLANG_WARN_BOOL_CONVERSION = YES;
				CLANG_WARN_COMMA = YES;
				CLANG_WARN_CONSTANT_CONVERSION = YES;
				CLANG_WARN_DEPRECATED_OBJC_IMPLEMENTATIONS = YES;
				CLANG_WARN_DIRECT_OBJC_ISA_USAGE = YES_ERROR;
				CLANG_WARN_DOCUMENTATION_COMMENTS = YES;
				CLANG_WARN_EMPTY_BODY = YES;
				CLANG_WARN_ENUM_CONVERSION = YES;
				CLANG_WARN_INFINITE_RECURSION = YES;
				CLANG_WARN_INT_CONVERSION = YES;
				CLANG_WARN_NON_LITERAL_NULL_CONVERSION = YES;
				CLANG_WARN_OBJC_IMPLICIT_RETAIN_SELF = YES;
				CLANG_WARN_OBJC_LITERAL_CONVERSION = YES;
				CLANG_WARN_OBJC_ROOT_CLASS = YES_ERROR;
				CLANG_WARN_QUOTED_INCLUDE_IN_FRAMEWORK_HEADER = YES;
				CLANG_WARN_RANGE_LOOP_ANALYSIS = YES;
				CLANG_WARN_STRICT_PROTOTYPES = YES;
				CLANG_WARN_SUSPICIOUS_MOVE = YES;
				CLANG_WARN_UNGUARDED_AVAILABILITY = YES_AGGRESSIVE;
				CLANG_WARN_UNREACHABLE_CODE = YES;
				CLANG_WARN__DUPLICATE_METHOD_MATCH = YES;
				COPY_PHASE_STRIP = NO;
				DEBUG_INFORMATION_FORMAT = dwarf;
				ENABLE_STRICT_OBJC_MSGSEND = YES;
				ENABLE_TESTABILITY = YES;
				GCC_C_LANGUAGE_STANDARD = gnu11;
				GCC_DYNAMIC_NO_PIC = NO;
				GCC_NO_COMMON_BLOCKS = YES;
				GCC_OPTIMIZATION_LEVEL = 0;
				GCC_PREPROCESSOR_DEFINITIONS = (
					"DEBUG=1",
					"$(inherited)",
				);
				GCC_WARN_64_TO_32_BIT_CONVERSION = YES;
				GCC_WARN_ABOUT_RETURN_TYPE = YES_ERROR;
				GCC_WARN_UNDECLARED_SELECTOR = YES;
				GCC_WARN_UNINITIALIZED_AUTOS = YES_AGGRESSIVE;
				GCC_WARN_UNUSED_FUNCTION = YES;
				GCC_WARN_UNUSED_VARIABLE = YES;
				IPHONEOS_DEPLOYMENT_TARGET = 14.2;
				MTL_ENABLE_DEBUG_INFO = INCLUDE_SOURCE;
				MTL_FAST_MATH = YES;
				ONLY_ACTIVE_ARCH = YES;
				SDKROOT = iphoneos;
				SWIFT_ACTIVE_COMPILATION_CONDITIONS = DEBUG;
				SWIFT_OPTIMIZATION_LEVEL = "-Onone";
			};
			name = Debug;
		};
		9689188E258FD0DA0036E047 /* Release */ = {
			isa = XCBuildConfiguration;
			buildSettings = {
				ALWAYS_SEARCH_USER_PATHS = NO;
				CLANG_ANALYZER_NONNULL = YES;
				CLANG_ANALYZER_NUMBER_OBJECT_CONVERSION = YES_AGGRESSIVE;
				CLANG_CXX_LANGUAGE_STANDARD = "gnu++14";
				CLANG_CXX_LIBRARY = "libc++";
				CLANG_ENABLE_MODULES = YES;
				CLANG_ENABLE_OBJC_ARC = YES;
				CLANG_ENABLE_OBJC_WEAK = YES;
				CLANG_WARN_BLOCK_CAPTURE_AUTORELEASING = YES;
				CLANG_WARN_BOOL_CONVERSION = YES;
				CLANG_WARN_COMMA = YES;
				CLANG_WARN_CONSTANT_CONVERSION = YES;
				CLANG_WARN_DEPRECATED_OBJC_IMPLEMENTATIONS = YES;
				CLANG_WARN_DIRECT_OBJC_ISA_USAGE = YES_ERROR;
				CLANG_WARN_DOCUMENTATION_COMMENTS = YES;
				CLANG_WARN_EMPTY_BODY = YES;
				CLANG_WARN_ENUM_CONVERSION = YES;
				CLANG_WARN_INFINITE_RECURSION = YES;
				CLANG_WARN_INT_CONVERSION = YES;
				CLANG_WARN_NON_LITERAL_NULL_CONVERSION = YES;
				CLANG_WARN_OBJC_IMPLICIT_RETAIN_SELF = YES;
				CLANG_WARN_OBJC_LITERAL_CONVERSION = YES;
				CLANG_WARN_OBJC_ROOT_CLASS = YES_ERROR;
				CLANG_WARN_QUOTED_INCLUDE_IN_FRAMEWORK_HEADER = YES;
				CLANG_WARN_RANGE_LOOP_ANALYSIS = YES;
				CLANG_WARN_STRICT_PROTOTYPES = YES;
				CLANG_WARN_SUSPICIOUS_MOVE = YES;
				CLANG_WARN_UNGUARDED_AVAILABILITY = YES_AGGRESSIVE;
				CLANG_WARN_UNREACHABLE_CODE = YES;
				CLANG_WARN__DUPLICATE_METHOD_MATCH = YES;
				COPY_PHASE_STRIP = NO;
				DEBUG_INFORMATION_FORMAT = "dwarf-with-dsym";
				ENABLE_NS_ASSERTIONS = NO;
				ENABLE_STRICT_OBJC_MSGSEND = YES;
				GCC_C_LANGUAGE_STANDARD = gnu11;
				GCC_NO_COMMON_BLOCKS = YES;
				GCC_WARN_64_TO_32_BIT_CONVERSION = YES;
				GCC_WARN_ABOUT_RETURN_TYPE = YES_ERROR;
				GCC_WARN_UNDECLARED_SELECTOR = YES;
				GCC_WARN_UNINITIALIZED_AUTOS = YES_AGGRESSIVE;
				GCC_WARN_UNUSED_FUNCTION = YES;
				GCC_WARN_UNUSED_VARIABLE = YES;
				IPHONEOS_DEPLOYMENT_TARGET = 14.2;
				MTL_ENABLE_DEBUG_INFO = NO;
				MTL_FAST_MATH = YES;
				SDKROOT = iphoneos;
				SWIFT_COMPILATION_MODE = wholemodule;
				SWIFT_OPTIMIZATION_LEVEL = "-O";
				VALIDATE_PRODUCT = YES;
			};
			name = Release;
		};
		96891890258FD0DA0036E047 /* Debug */ = {
			isa = XCBuildConfiguration;
			buildSettings = {
				ASSETCATALOG_COMPILER_APPICON_NAME = AppIcon;
				ASSETCATALOG_COMPILER_GLOBAL_ACCENT_COLOR_NAME = AccentColor;
				CODE_SIGN_STYLE = Automatic;
				DEVELOPMENT_TEAM = J27N355HBH;
				INFOPLIST_FILE = GoodNews/Info.plist;
				LD_RUNPATH_SEARCH_PATHS = (
					"$(inherited)",
					"@executable_path/Frameworks",
				);
				PRODUCT_BUNDLE_IDENTIFIER = com.mobioapp.GoodNews;
				PRODUCT_NAME = "$(TARGET_NAME)";
				SWIFT_VERSION = 5.0;
				TARGETED_DEVICE_FAMILY = "1,2";
			};
			name = Debug;
		};
		96891891258FD0DA0036E047 /* Release */ = {
			isa = XCBuildConfiguration;
			buildSettings = {
				ASSETCATALOG_COMPILER_APPICON_NAME = AppIcon;
				ASSETCATALOG_COMPILER_GLOBAL_ACCENT_COLOR_NAME = AccentColor;
				CODE_SIGN_STYLE = Automatic;
				DEVELOPMENT_TEAM = J27N355HBH;
				INFOPLIST_FILE = GoodNews/Info.plist;
				LD_RUNPATH_SEARCH_PATHS = (
					"$(inherited)",
					"@executable_path/Frameworks",
				);
				PRODUCT_BUNDLE_IDENTIFIER = com.mobioapp.GoodNews;
				PRODUCT_NAME = "$(TARGET_NAME)";
				SWIFT_VERSION = 5.0;
				TARGETED_DEVICE_FAMILY = "1,2";
			};
			name = Release;
		};
		96891893258FD0DA0036E047 /* Debug */ = {
			isa = XCBuildConfiguration;
			buildSettings = {
				ALWAYS_EMBED_SWIFT_STANDARD_LIBRARIES = YES;
				BUNDLE_LOADER = "$(TEST_HOST)";
				CODE_SIGN_STYLE = Automatic;
				DEVELOPMENT_TEAM = J27N355HBH;
				INFOPLIST_FILE = GoodNewsTests/Info.plist;
				IPHONEOS_DEPLOYMENT_TARGET = 14.2;
				LD_RUNPATH_SEARCH_PATHS = (
					"$(inherited)",
					"@executable_path/Frameworks",
					"@loader_path/Frameworks",
				);
				PRODUCT_BUNDLE_IDENTIFIER = com.mobioapp.GoodNewsTests;
				PRODUCT_NAME = "$(TARGET_NAME)";
				SWIFT_VERSION = 5.0;
				TARGETED_DEVICE_FAMILY = "1,2";
				TEST_HOST = "$(BUILT_PRODUCTS_DIR)/GoodNews.app/GoodNews";
			};
			name = Debug;
		};
		96891894258FD0DA0036E047 /* Release */ = {
			isa = XCBuildConfiguration;
			buildSettings = {
				ALWAYS_EMBED_SWIFT_STANDARD_LIBRARIES = YES;
				BUNDLE_LOADER = "$(TEST_HOST)";
				CODE_SIGN_STYLE = Automatic;
				DEVELOPMENT_TEAM = J27N355HBH;
				INFOPLIST_FILE = GoodNewsTests/Info.plist;
				IPHONEOS_DEPLOYMENT_TARGET = 14.2;
				LD_RUNPATH_SEARCH_PATHS = (
					"$(inherited)",
					"@executable_path/Frameworks",
					"@loader_path/Frameworks",
				);
				PRODUCT_BUNDLE_IDENTIFIER = com.mobioapp.GoodNewsTests;
				PRODUCT_NAME = "$(TARGET_NAME)";
				SWIFT_VERSION = 5.0;
				TARGETED_DEVICE_FAMILY = "1,2";
				TEST_HOST = "$(BUILT_PRODUCTS_DIR)/GoodNews.app/GoodNews";
			};
			name = Release;
		};
		96891896258FD0DA0036E047 /* Debug */ = {
			isa = XCBuildConfiguration;
			buildSettings = {
				ALWAYS_EMBED_SWIFT_STANDARD_LIBRARIES = YES;
				CODE_SIGN_STYLE = Automatic;
				DEVELOPMENT_TEAM = J27N355HBH;
				INFOPLIST_FILE = GoodNewsUITests/Info.plist;
				LD_RUNPATH_SEARCH_PATHS = (
					"$(inherited)",
					"@executable_path/Frameworks",
					"@loader_path/Frameworks",
				);
				PRODUCT_BUNDLE_IDENTIFIER = com.mobioapp.GoodNewsUITests;
				PRODUCT_NAME = "$(TARGET_NAME)";
				SWIFT_VERSION = 5.0;
				TARGETED_DEVICE_FAMILY = "1,2";
				TEST_TARGET_NAME = GoodNews;
			};
			name = Debug;
		};
		96891897258FD0DA0036E047 /* Release */ = {
			isa = XCBuildConfiguration;
			buildSettings = {
				ALWAYS_EMBED_SWIFT_STANDARD_LIBRARIES = YES;
				CODE_SIGN_STYLE = Automatic;
				DEVELOPMENT_TEAM = J27N355HBH;
				INFOPLIST_FILE = GoodNewsUITests/Info.plist;
				LD_RUNPATH_SEARCH_PATHS = (
					"$(inherited)",
					"@executable_path/Frameworks",
					"@loader_path/Frameworks",
				);
				PRODUCT_BUNDLE_IDENTIFIER = com.mobioapp.GoodNewsUITests;
				PRODUCT_NAME = "$(TARGET_NAME)";
				SWIFT_VERSION = 5.0;
				TARGETED_DEVICE_FAMILY = "1,2";
				TEST_TARGET_NAME = GoodNews;
			};
			name = Release;
		};
/* End XCBuildConfiguration section */

/* Begin XCConfigurationList section */
		96891860258FD0D80036E047 /* Build configuration list for PBXProject "GoodNews" */ = {
			isa = XCConfigurationList;
			buildConfigurations = (
				9689188D258FD0DA0036E047 /* Debug */,
				9689188E258FD0DA0036E047 /* Release */,
			);
			defaultConfigurationIsVisible = 0;
			defaultConfigurationName = Release;
		};
		9689188F258FD0DA0036E047 /* Build configuration list for PBXNativeTarget "GoodNews" */ = {
			isa = XCConfigurationList;
			buildConfigurations = (
				96891890258FD0DA0036E047 /* Debug */,
				96891891258FD0DA0036E047 /* Release */,
			);
			defaultConfigurationIsVisible = 0;
			defaultConfigurationName = Release;
		};
		96891892258FD0DA0036E047 /* Build configuration list for PBXNativeTarget "GoodNewsTests" */ = {
			isa = XCConfigurationList;
			buildConfigurations = (
				96891893258FD0DA0036E047 /* Debug */,
				96891894258FD0DA0036E047 /* Release */,
			);
			defaultConfigurationIsVisible = 0;
			defaultConfigurationName = Release;
		};
		96891895258FD0DA0036E047 /* Build configuration list for PBXNativeTarget "GoodNewsUITests" */ = {
			isa = XCConfigurationList;
			buildConfigurations = (
				96891896258FD0DA0036E047 /* Debug */,
				96891897258FD0DA0036E047 /* Release */,
			);
			defaultConfigurationIsVisible = 0;
			defaultConfigurationName = Release;
		};
/* End XCConfigurationList section */
	};
	rootObject = 9689185D258FD0D80036E047 /* Project object */;
}
